
Microsoft Visual Studio Solution File, Format Version 12.00
# Visual Studio Version 17
VisualStudioVersion = 17.1.32328.378
MinimumVisualStudioVersion = 10.0.40219.1
Project("{9A19103F-16F7-4668-BE54-9A1E7A4F7556}") = "ConfigurationsManager", "ConfigurationsManager\ConfigurationsManager.csproj", "{C1B8A1E4-24CC-41E2-AA9F-2C964D6B0FAA}"
EndProject
Global
	GlobalSection(SolutionConfigurationPlatforms) = preSolution
		Debug|Any CPU = Debug|Any CPU
		Release|Any CPU = Release|Any CPU
	EndGlobalSection
	GlobalSection(ProjectConfigurationPlatforms) = postSolution
		{C1B8A1E4-24CC-41E2-AA9F-2C964D6B0FAA}.Debug|Any CPU.ActiveCfg = Debug|Any CPU
		{C1B8A1E4-24CC-41E2-AA9F-2C964D6B0FAA}.Debug|Any CPU.Build.0 = Debug|Any CPU
		{C1B8A1E4-24CC-41E2-AA9F-2C964D6B0FAA}.Release|Any CPU.ActiveCfg = Release|Any CPU
		{C1B8A1E4-24CC-41E2-AA9F-2C964D6B0FAA}.Release|Any CPU.Build.0 = Release|Any CPU
	EndGlobalSection
	GlobalSection(SolutionProperties) = preSolution
		HideSolutionNode = FALSE
	EndGlobalSection
	GlobalSection(ExtensibilityGlobals) = postSolution
		SolutionGuid = {5C665017-84A2-457F-9D08-914C9DEBA8F5}
	EndGlobalSection
EndGlobal
